{
  "name": "monday9pm-articles",
  "version": "1.0.0",
  "lockfileVersion": 2,
  "requires": true,
  "packages": {
    "": {
      "name": "monday9pm-articles",
      "version": "1.0.0",
      "license": "MIT",
      "dependencies": {
        "hermes-poster": "^0.0.1-beta.1"
      }
    },
    "node_modules/hermes-poster": {
      "version": "0.0.1-beta.1",
      "resolved": "https://registry.npmjs.org/hermes-poster/-/hermes-poster-0.0.1-beta.1.tgz",
      "integrity": "sha512-oa25t/pp86NYuaQmAHlRkJdRexSRvY1X2sQXcG6Gp1D8lTAYXg1dX7f2irpNNWvEx5KSspG6+69JLUIPDaADaQ==",
      "dependencies": {
        "marked": "4.2.12",
        "moment": "^2.29.4"
      }
    },
    "node_modules/marked": {
      "version": "4.2.12",
      "resolved": "https://registry.npmjs.org/marked/-/marked-4.2.12.tgz",
      "integrity": "sha512-yr8hSKa3Fv4D3jdZmtMMPghgVt6TWbk86WQaWhDloQjRSQhMMYCAro7jP7VDJrjjdV8pxVxMssXS8B8Y5DZ5aw==",
      "bin": {
        "marked": "bin/marked.js"
      },
      "engines": {
        "node": ">= 12"
      }
    },
    "node_modules/moment": {
      "version": "2.29.4",
      "resolved": "https://registry.npmjs.org/moment/-/moment-2.29.4.tgz",
      "integrity": "sha512-5LC9SOxjSc2HF6vO2CyuTDNivEdoz2IvyJJGj6X8DJ0eFyfszE0QiEd+iXmBvUP3WHxSjFH/vIsA0EN00cgr8w==",
      "engines": {
        "node": "*"
      }
    }
  },
  "dependencies": {
    "hermes-poster": {
      "version": "0.0.1-beta.1",
      "resolved": "https://registry.npmjs.org/hermes-poster/-/hermes-poster-0.0.1-beta.1.tgz",
      "integrity": "sha512-oa25t/pp86NYuaQmAHlRkJdRexSRvY1X2sQXcG6Gp1D8lTAYXg1dX7f2irpNNWvEx5KSspG6+69JLUIPDaADaQ==",
      "requires": {
        "marked": "4.2.12",
        "moment": "^2.29.4"
      }
    },
    "marked": {
      "version": "4.2.12",
      "resolved": "https://registry.npmjs.org/marked/-/marked-4.2.12.tgz",
      "integrity": "sha512-yr8hSKa3Fv4D3jdZmtMMPghgVt6TWbk86WQaWhDloQjRSQhMMYCAro7jP7VDJrjjdV8pxVxMssXS8B8Y5DZ5aw=="
    },
    "moment": {
      "version": "2.29.4",
      "resolved": "https://registry.npmjs.org/moment/-/moment-2.29.4.tgz",
      "integrity": "sha512-5LC9SOxjSc2HF6vO2CyuTDNivEdoz2IvyJJGj6X8DJ0eFyfszE0QiEd+iXmBvUP3WHxSjFH/vIsA0EN00cgr8w=="
    }
  }
}
